
Microsoft Visual Studio Solution File, Format Version 12.00
# Visual Studio Version 16
VisualStudioVersion = 16.0.31005.135
MinimumVisualStudioVersion = 10.0.40219.1
Project("{FAE04EC0-301F-11D3-BF4B-00C04F79EFBC}") = "oopbas-inherit3", "oopbas-inherit3.csproj", "{76DD9B08-1457-42FD-8A9D-33540734769C}"
EndProject
Global
	GlobalSection(SolutionConfigurationPlatforms) = preSolution
		Debug|Any CPU = Debug|Any CPU
		Release|Any CPU = Release|Any CPU
	EndGlobalSection
	GlobalSection(ProjectConfigurationPlatforms) = postSolution
		{76DD9B08-1457-42FD-8A9D-33540734769C}.Debug|Any CPU.ActiveCfg = Debug|Any CPU
		{76DD9B08-1457-42FD-8A9D-33540734769C}.Debug|Any CPU.Build.0 = Debug|Any CPU
		{76DD9B08-1457-42FD-8A9D-33540734769C}.Release|Any CPU.ActiveCfg = Release|Any CPU
		{76DD9B08-1457-42FD-8A9D-33540734769C}.Release|Any CPU.Build.0 = Release|Any CPU
	EndGlobalSection
	GlobalSection(SolutionProperties) = preSolution
		HideSolutionNode = FALSE
	EndGlobalSection
	GlobalSection(ExtensibilityGlobals) = postSolution
		SolutionGuid = {F428EB17-7827-4D8A-9967-037DDA65C57B}
	EndGlobalSection
EndGlobal
